
Microsoft Visual Studio Solution File, Format Version 12.00
# Visual Studio Version 17
VisualStudioVersion = 17.9.34616.47
MinimumVisualStudioVersion = 10.0.40219.1
Project("{FAE04EC0-301F-11D3-BF4B-00C04F79EFBC}") = "Week5Exercise8_CheckingTheEqualityOfTwoArrays", "Week5Exercise8_CheckingTheEqualityOfTwoArrays.csproj", "{8D5534CF-37D2-4539-90EA-5FB9B224B261}"
EndProject
Global
	GlobalSection(SolutionConfigurationPlatforms) = preSolution
		Debug|Any CPU = Debug|Any CPU
		Release|Any CPU = Release|Any CPU
	EndGlobalSection
	GlobalSection(ProjectConfigurationPlatforms) = postSolution
		{8D5534CF-37D2-4539-90EA-5FB9B224B261}.Debug|Any CPU.ActiveCfg = Debug|Any CPU
		{8D5534CF-37D2-4539-90EA-5FB9B224B261}.Debug|Any CPU.Build.0 = Debug|Any CPU
		{8D5534CF-37D2-4539-90EA-5FB9B224B261}.Release|Any CPU.ActiveCfg = Release|Any CPU
		{8D5534CF-37D2-4539-90EA-5FB9B224B261}.Release|Any CPU.Build.0 = Release|Any CPU
	EndGlobalSection
	GlobalSection(SolutionProperties) = preSolution
		HideSolutionNode = FALSE
	EndGlobalSection
	GlobalSection(ExtensibilityGlobals) = postSolution
		SolutionGuid = {C2F02A04-6BEA-48B7-9C01-11993379587C}
	EndGlobalSection
EndGlobal
