
Microsoft Visual Studio Solution File, Format Version 12.00
# Visual Studio Version 17
VisualStudioVersion = 17.9.34616.47
MinimumVisualStudioVersion = 10.0.40219.1
Project("{FAE04EC0-301F-11D3-BF4B-00C04F79EFBC}") = "Week2Exercise5_Some_Other_Math_Operations", "Week2Exercise5_Some_Other_Math_Operations.csproj", "{61C5EEB7-54D8-4507-8EBA-F3BB5070FC43}"
EndProject
Global
	GlobalSection(SolutionConfigurationPlatforms) = preSolution
		Debug|Any CPU = Debug|Any CPU
		Release|Any CPU = Release|Any CPU
	EndGlobalSection
	GlobalSection(ProjectConfigurationPlatforms) = postSolution
		{61C5EEB7-54D8-4507-8EBA-F3BB5070FC43}.Debug|Any CPU.ActiveCfg = Debug|Any CPU
		{61C5EEB7-54D8-4507-8EBA-F3BB5070FC43}.Debug|Any CPU.Build.0 = Debug|Any CPU
		{61C5EEB7-54D8-4507-8EBA-F3BB5070FC43}.Release|Any CPU.ActiveCfg = Release|Any CPU
		{61C5EEB7-54D8-4507-8EBA-F3BB5070FC43}.Release|Any CPU.Build.0 = Release|Any CPU
	EndGlobalSection
	GlobalSection(SolutionProperties) = preSolution
		HideSolutionNode = FALSE
	EndGlobalSection
	GlobalSection(ExtensibilityGlobals) = postSolution
		SolutionGuid = {2A397E9D-CEC8-49A1-8C84-DB859B52F0CC}
	EndGlobalSection
EndGlobal
