
Microsoft Visual Studio Solution File, Format Version 12.00
# Visual Studio Version 17
VisualStudioVersion = 17.9.34616.47
MinimumVisualStudioVersion = 10.0.40219.1
Project("{FAE04EC0-301F-11D3-BF4B-00C04F79EFBC}") = "Week4Exercise4_PerfectNumberChecker", "Week4Exercise4_PerfectNumberChecker.csproj", "{D6F790FF-C6C3-45E5-A1E4-856067AC7024}"
EndProject
Global
	GlobalSection(SolutionConfigurationPlatforms) = preSolution
		Debug|Any CPU = Debug|Any CPU
		Release|Any CPU = Release|Any CPU
	EndGlobalSection
	GlobalSection(ProjectConfigurationPlatforms) = postSolution
		{D6F790FF-C6C3-45E5-A1E4-856067AC7024}.Debug|Any CPU.ActiveCfg = Debug|Any CPU
		{D6F790FF-C6C3-45E5-A1E4-856067AC7024}.Debug|Any CPU.Build.0 = Debug|Any CPU
		{D6F790FF-C6C3-45E5-A1E4-856067AC7024}.Release|Any CPU.ActiveCfg = Release|Any CPU
		{D6F790FF-C6C3-45E5-A1E4-856067AC7024}.Release|Any CPU.Build.0 = Release|Any CPU
	EndGlobalSection
	GlobalSection(SolutionProperties) = preSolution
		HideSolutionNode = FALSE
	EndGlobalSection
	GlobalSection(ExtensibilityGlobals) = postSolution
		SolutionGuid = {A2C50B1F-BBD2-4EC5-94C3-3DB7E7ED3640}
	EndGlobalSection
EndGlobal
