
Microsoft Visual Studio Solution File, Format Version 12.00
# Visual Studio Version 17
VisualStudioVersion = 17.9.34616.47
MinimumVisualStudioVersion = 10.0.40219.1
Project("{FAE04EC0-301F-11D3-BF4B-00C04F79EFBC}") = "Week4Exercise16_NthTermofNumericalSeries", "Week4Exercise16_NthTermofNumericalSeries.csproj", "{9837640E-92DC-4CEB-AF3F-4E4F570584AB}"
EndProject
Global
	GlobalSection(SolutionConfigurationPlatforms) = preSolution
		Debug|Any CPU = Debug|Any CPU
		Release|Any CPU = Release|Any CPU
	EndGlobalSection
	GlobalSection(ProjectConfigurationPlatforms) = postSolution
		{9837640E-92DC-4CEB-AF3F-4E4F570584AB}.Debug|Any CPU.ActiveCfg = Debug|Any CPU
		{9837640E-92DC-4CEB-AF3F-4E4F570584AB}.Debug|Any CPU.Build.0 = Debug|Any CPU
		{9837640E-92DC-4CEB-AF3F-4E4F570584AB}.Release|Any CPU.ActiveCfg = Release|Any CPU
		{9837640E-92DC-4CEB-AF3F-4E4F570584AB}.Release|Any CPU.Build.0 = Release|Any CPU
	EndGlobalSection
	GlobalSection(SolutionProperties) = preSolution
		HideSolutionNode = FALSE
	EndGlobalSection
	GlobalSection(ExtensibilityGlobals) = postSolution
		SolutionGuid = {A0412C82-9D55-4974-8F2D-2375622DADE2}
	EndGlobalSection
EndGlobal
