
Microsoft Visual Studio Solution File, Format Version 12.00
# Visual Studio Version 17
VisualStudioVersion = 17.9.34616.47
MinimumVisualStudioVersion = 10.0.40219.1
Project("{FAE04EC0-301F-11D3-BF4B-00C04F79EFBC}") = "Week4Exercise14_HarshadOrNivenNumber2Digits", "Week4Exercise14_HarshadOrNivenNumber2Digits.csproj", "{78CBAA1E-2503-4AEA-8290-99116AB9983D}"
EndProject
Global
	GlobalSection(SolutionConfigurationPlatforms) = preSolution
		Debug|Any CPU = Debug|Any CPU
		Release|Any CPU = Release|Any CPU
	EndGlobalSection
	GlobalSection(ProjectConfigurationPlatforms) = postSolution
		{78CBAA1E-2503-4AEA-8290-99116AB9983D}.Debug|Any CPU.ActiveCfg = Debug|Any CPU
		{78CBAA1E-2503-4AEA-8290-99116AB9983D}.Debug|Any CPU.Build.0 = Debug|Any CPU
		{78CBAA1E-2503-4AEA-8290-99116AB9983D}.Release|Any CPU.ActiveCfg = Release|Any CPU
		{78CBAA1E-2503-4AEA-8290-99116AB9983D}.Release|Any CPU.Build.0 = Release|Any CPU
	EndGlobalSection
	GlobalSection(SolutionProperties) = preSolution
		HideSolutionNode = FALSE
	EndGlobalSection
	GlobalSection(ExtensibilityGlobals) = postSolution
		SolutionGuid = {84F9B13F-6E9B-4C53-92C4-3665908663FC}
	EndGlobalSection
EndGlobal
