
Microsoft Visual Studio Solution File, Format Version 12.00
# Visual Studio Version 17
VisualStudioVersion = 17.9.34616.47
MinimumVisualStudioVersion = 10.0.40219.1
Project("{FAE04EC0-301F-11D3-BF4B-00C04F79EFBC}") = "Week2Exercise1_Some_Math_Operations", "Week2Exercise1_Some_Math_Operations.csproj", "{2D51FFDF-440F-4EFE-8C3B-5977D8FF20D5}"
EndProject
Global
	GlobalSection(SolutionConfigurationPlatforms) = preSolution
		Debug|Any CPU = Debug|Any CPU
		Release|Any CPU = Release|Any CPU
	EndGlobalSection
	GlobalSection(ProjectConfigurationPlatforms) = postSolution
		{2D51FFDF-440F-4EFE-8C3B-5977D8FF20D5}.Debug|Any CPU.ActiveCfg = Debug|Any CPU
		{2D51FFDF-440F-4EFE-8C3B-5977D8FF20D5}.Debug|Any CPU.Build.0 = Debug|Any CPU
		{2D51FFDF-440F-4EFE-8C3B-5977D8FF20D5}.Release|Any CPU.ActiveCfg = Release|Any CPU
		{2D51FFDF-440F-4EFE-8C3B-5977D8FF20D5}.Release|Any CPU.Build.0 = Release|Any CPU
	EndGlobalSection
	GlobalSection(SolutionProperties) = preSolution
		HideSolutionNode = FALSE
	EndGlobalSection
	GlobalSection(ExtensibilityGlobals) = postSolution
		SolutionGuid = {2A7C9B4F-2406-404F-9585-89F6C9B1E4B2}
	EndGlobalSection
EndGlobal
