
Microsoft Visual Studio Solution File, Format Version 12.00
# Visual Studio Version 17
VisualStudioVersion = 17.9.34616.47
MinimumVisualStudioVersion = 10.0.40219.1
Project("{FAE04EC0-301F-11D3-BF4B-00C04F79EFBC}") = "Week2Exercise3_Temperature_Conversion", "Week2Exercise3_Temperature_Conversion.csproj", "{3CF6AE03-0579-4AED-84C1-CE501D0C941D}"
EndProject
Global
	GlobalSection(SolutionConfigurationPlatforms) = preSolution
		Debug|Any CPU = Debug|Any CPU
		Release|Any CPU = Release|Any CPU
	EndGlobalSection
	GlobalSection(ProjectConfigurationPlatforms) = postSolution
		{3CF6AE03-0579-4AED-84C1-CE501D0C941D}.Debug|Any CPU.ActiveCfg = Debug|Any CPU
		{3CF6AE03-0579-4AED-84C1-CE501D0C941D}.Debug|Any CPU.Build.0 = Debug|Any CPU
		{3CF6AE03-0579-4AED-84C1-CE501D0C941D}.Release|Any CPU.ActiveCfg = Release|Any CPU
		{3CF6AE03-0579-4AED-84C1-CE501D0C941D}.Release|Any CPU.Build.0 = Release|Any CPU
	EndGlobalSection
	GlobalSection(SolutionProperties) = preSolution
		HideSolutionNode = FALSE
	EndGlobalSection
	GlobalSection(ExtensibilityGlobals) = postSolution
		SolutionGuid = {6009AF6C-63C4-443F-A13F-428FEE8F843F}
	EndGlobalSection
EndGlobal
